
Microsoft Visual Studio Solution File, Format Version 12.00
# Visual Studio Version 16
VisualStudioVersion = 16.0.28803.202
MinimumVisualStudioVersion = 10.0.40219.1
Project("{2150E333-8FDC-42A3-9474-1A3956D46DE8}") = "Project", "Project", "{9846C4BE-2108-479E-AA17-4A96052CCCE0}"
EndProject
Project("{2150E333-8FDC-42A3-9474-1A3956D46DE8}") = "Foundation", "Foundation", "{78EA0067-9C56-4E62-B428-A84F35EDB7BF}"
EndProject
Project("{2150E333-8FDC-42A3-9474-1A3956D46DE8}") = "Feature", "Feature", "{37394D96-A276-41B7-BFC0-E0897AFE4690}"
EndProject
Project("{2150E333-8FDC-42A3-9474-1A3956D46DE8}") = "Configuration", "Configuration", "{25781A7E-9FF0-4FF5-9BD1-0E25BF8C2AF6}"
	ProjectSection(SolutionItems) = preProject
		.gitattributes = .gitattributes
		.gitignore = .gitignore
		build.cake = build.cake
		cake-config.json = cake-config.json
		nuget.config = nuget.config
		README.md = README.md
		TdsGlobal.config = TdsGlobal.config
	EndProjectSection
EndProject
Project("{2150E333-8FDC-42A3-9474-1A3956D46DE8}") = "DependencyInjection", "DependencyInjection", "{D947FE0F-297B-40B3-B20A-6EC9E0C7AA20}"
EndProject
Project("{FAE04EC0-301F-11D3-BF4B-00C04F79EFBC}") = "Sitecore.HabitatHome.Foundation.DependencyInjection", "src\Foundation\DependencyInjection\code\Sitecore.HabitatHome.Foundation.DependencyInjection.csproj", "{FA1EEE78-E6D6-4B63-A126-5F470624EFEE}"
EndProject
Project("{2150E333-8FDC-42A3-9474-1A3956D46DE8}") = "xConnect", "xConnect", "{BE63361D-A629-48C2-9D0E-9DE1B9733C2B}"
EndProject
Project("{FAE04EC0-301F-11D3-BF4B-00C04F79EFBC}") = "Sitecore.HabitatHome.XConnect", "src\Project\xConnect\code\Sitecore.HabitatHome.XConnect.csproj", "{0C513600-DB12-4ADC-999C-14277FFDF0C8}"
EndProject
Project("{2150E333-8FDC-42A3-9474-1A3956D46DE8}") = "HabitatHomeCorporate", "HabitatHomeCorporate", "{8D70A344-BC6E-4BF9-9906-13C4EAEA3535}"
EndProject
Project("{2150E333-8FDC-42A3-9474-1A3956D46DE8}") = "Components", "Components", "{1C753343-4705-493B-9654-2E643373663E}"
EndProject
Project("{FAE04EC0-301F-11D3-BF4B-00C04F79EFBC}") = "Sitecore.HabitatHome.Feature.Components", "src\Feature\Components\code\Sitecore.HabitatHome.Feature.Components.csproj", "{A870BED9-A0B7-4E07-A44E-8E16B95D6911}"
EndProject
Project("{FAE04EC0-301F-11D3-BF4B-00C04F79EFBC}") = "Sitecore.HabitatHome.Corporate.Website", "src\Project\HabitatHomeCorporate\code\Sitecore.HabitatHome.Corporate.Website.csproj", "{EDBE2FC4-3D91-4B8F-AD00-990CF1A31118}"
EndProject
Project("{2150E333-8FDC-42A3-9474-1A3956D46DE8}") = "Media", "Media", "{2DFB0D0B-FAC0-4E02-8B07-283BDF9FC083}"
EndProject
Project("{FAE04EC0-301F-11D3-BF4B-00C04F79EFBC}") = "Sitecore.HabitatHome.Feature.Media", "src\Feature\Media\code\Sitecore.HabitatHome.Feature.Media.csproj", "{29F8F45E-DC53-4306-9B91-7BDBF76B6196}"
EndProject
Project("{2150E333-8FDC-42A3-9474-1A3956D46DE8}") = "News", "News", "{CD7167F4-2785-49AA-A5D5-BBECA0DAB912}"
EndProject
Project("{FAE04EC0-301F-11D3-BF4B-00C04F79EFBC}") = "Sitecore.HabitatHome.Feature.News", "src\Feature\News\code\Sitecore.HabitatHome.Feature.News.csproj", "{E41965C2-F8B8-44CD-90C5-C91FD0B4DB5F}"
EndProject
Project("{2150E333-8FDC-42A3-9474-1A3956D46DE8}") = "Search", "Search", "{3681DC6D-A479-4104-8DEF-137FAAB43366}"
EndProject
Project("{FAE04EC0-301F-11D3-BF4B-00C04F79EFBC}") = "Sitecore.HabitatHome.Feature.Search", "src\Feature\Search\code\Sitecore.HabitatHome.Feature.Search.csproj", "{E6534E02-D191-4564-BF33-F8BF790C2F9A}"
EndProject
Project("{2150E333-8FDC-42A3-9474-1A3956D46DE8}") = "LocalDatasource", "LocalDatasource", "{8931F757-732F-42D7-A904-208F8BC767F9}"
EndProject
Project("{FAE04EC0-301F-11D3-BF4B-00C04F79EFBC}") = "Sitecore.HabitatHome.Foundation.LocalDatasource", "src\Foundation\LocalDatasource\code\Sitecore.HabitatHome.Foundation.LocalDatasource.csproj", "{323CA7A6-6ABB-4652-ABE2-75DAB139CBC0}"
EndProject
Project("{2150E333-8FDC-42A3-9474-1A3956D46DE8}") = ".build", ".build", "{6B560855-057E-4756-9F21-C73214CA555B}"
EndProject
Project("{9A19103F-16F7-4668-BE54-9A1E7A4F7556}") = "Build.Website", "src\Build\Build.Website\code\Build.Website.csproj", "{FDD77C41-E699-470E-916B-E73D20CA1EBC}"
EndProject
Project("{CAA73BB0-EF22-4D79-A57E-DF67B3BA9C80}") = "Build.Website.Master", "src\Build\Build.Website\tds\master\Build.Website.Master.scproj", "{C3AAE82F-C744-4F9F-B4C2-9C21AD37AA61}"
EndProject
Project("{CAA73BB0-EF22-4D79-A57E-DF67B3BA9C80}") = "Sitecore.HabitatHome.Feature.Components.Master", "src\Feature\Components\tds\master\Sitecore.HabitatHome.Feature.Components.Master.scproj", "{6B2516D4-5C82-4B1B-A802-86AD89357B7E}"
	ProjectSection(ProjectDependencies) = postProject
		{C3AAE82F-C744-4F9F-B4C2-9C21AD37AA61} = {C3AAE82F-C744-4F9F-B4C2-9C21AD37AA61}
		{48282A82-EC89-4A6F-84F3-163E5E29A5C1} = {48282A82-EC89-4A6F-84F3-163E5E29A5C1}
		{DB5F92B3-9F8B-4489-B929-08ECC4F271B2} = {DB5F92B3-9F8B-4489-B929-08ECC4F271B2}
	EndProjectSection
EndProject
Project("{CAA73BB0-EF22-4D79-A57E-DF67B3BA9C80}") = "Sitecore.HabitatHome.Feature.Media.Master", "src\Feature\Media\tds\master\Sitecore.HabitatHome.Feature.Media.Master.scproj", "{BAADDF30-95A5-4663-885C-9891C80AABBF}"
	ProjectSection(ProjectDependencies) = postProject
		{C3AAE82F-C744-4F9F-B4C2-9C21AD37AA61} = {C3AAE82F-C744-4F9F-B4C2-9C21AD37AA61}
		{48282A82-EC89-4A6F-84F3-163E5E29A5C1} = {48282A82-EC89-4A6F-84F3-163E5E29A5C1}
		{DB5F92B3-9F8B-4489-B929-08ECC4F271B2} = {DB5F92B3-9F8B-4489-B929-08ECC4F271B2}
	EndProjectSection
EndProject
Project("{CAA73BB0-EF22-4D79-A57E-DF67B3BA9C80}") = "Sitecore.HabitatHome.Feature.News.Master", "src\Feature\News\tds\master\Sitecore.HabitatHome.Feature.News.Master.scproj", "{926F30AD-3994-4715-88DB-649CE14D7522}"
	ProjectSection(ProjectDependencies) = postProject
		{C3AAE82F-C744-4F9F-B4C2-9C21AD37AA61} = {C3AAE82F-C744-4F9F-B4C2-9C21AD37AA61}
		{48282A82-EC89-4A6F-84F3-163E5E29A5C1} = {48282A82-EC89-4A6F-84F3-163E5E29A5C1}
		{DB5F92B3-9F8B-4489-B929-08ECC4F271B2} = {DB5F92B3-9F8B-4489-B929-08ECC4F271B2}
	EndProjectSection
EndProject
Project("{CAA73BB0-EF22-4D79-A57E-DF67B3BA9C80}") = "Sitecore.HabitatHome.Feature.Search.Master", "src\Feature\Search\tds\master\Sitecore.HabitatHome.Feature.Search.Master.scproj", "{29FAEEC2-13D1-4955-825A-0F4D3B9A00E9}"
	ProjectSection(ProjectDependencies) = postProject
		{C3AAE82F-C744-4F9F-B4C2-9C21AD37AA61} = {C3AAE82F-C744-4F9F-B4C2-9C21AD37AA61}
		{48282A82-EC89-4A6F-84F3-163E5E29A5C1} = {48282A82-EC89-4A6F-84F3-163E5E29A5C1}
		{DB5F92B3-9F8B-4489-B929-08ECC4F271B2} = {DB5F92B3-9F8B-4489-B929-08ECC4F271B2}
	EndProjectSection
EndProject
Project("{CAA73BB0-EF22-4D79-A57E-DF67B3BA9C80}") = "Sitecore.HabitatHome.Foundation.LocalDatasource.Master", "src\Foundation\LocalDatasource\tds\master\Sitecore.HabitatHome.Foundation.LocalDatasource.Master.scproj", "{DB5F92B3-9F8B-4489-B929-08ECC4F271B2}"
	ProjectSection(ProjectDependencies) = postProject
		{C3AAE82F-C744-4F9F-B4C2-9C21AD37AA61} = {C3AAE82F-C744-4F9F-B4C2-9C21AD37AA61}
	EndProjectSection
EndProject
Project("{CAA73BB0-EF22-4D79-A57E-DF67B3BA9C80}") = "Sitecore.HabitatHome.Corporate.Website.Master", "src\Project\HabitatHomeCorporate\tds\master\Sitecore.HabitatHome.Corporate.Website.Master.scproj", "{E1EB0805-1F2E-472E-9B88-B1184AEE8BF4}"
	ProjectSection(ProjectDependencies) = postProject
		{C3AAE82F-C744-4F9F-B4C2-9C21AD37AA61} = {C3AAE82F-C744-4F9F-B4C2-9C21AD37AA61}
		{BAADDF30-95A5-4663-885C-9891C80AABBF} = {BAADDF30-95A5-4663-885C-9891C80AABBF}
		{4781F071-054F-4D66-91C6-1638565927E9} = {4781F071-054F-4D66-91C6-1638565927E9}
		{48282A82-EC89-4A6F-84F3-163E5E29A5C1} = {48282A82-EC89-4A6F-84F3-163E5E29A5C1}
		{926F30AD-3994-4715-88DB-649CE14D7522} = {926F30AD-3994-4715-88DB-649CE14D7522}
		{DB5F92B3-9F8B-4489-B929-08ECC4F271B2} = {DB5F92B3-9F8B-4489-B929-08ECC4F271B2}
		{29FAEEC2-13D1-4955-825A-0F4D3B9A00E9} = {29FAEEC2-13D1-4955-825A-0F4D3B9A00E9}
		{6B2516D4-5C82-4B1B-A802-86AD89357B7E} = {6B2516D4-5C82-4B1B-A802-86AD89357B7E}
		{A870BED9-A0B7-4E07-A44E-8E16B95D6911} = {A870BED9-A0B7-4E07-A44E-8E16B95D6911}
	EndProjectSection
EndProject
Project("{CAA73BB0-EF22-4D79-A57E-DF67B3BA9C80}") = "Sitecore.HabitatHome.Feature.Components.Core", "src\Feature\Components\tds\core\Sitecore.HabitatHome.Feature.Components.Core.scproj", "{3B9399AF-DCD9-4959-A679-9D9F08E85E93}"
	ProjectSection(ProjectDependencies) = postProject
		{06F87D63-5E89-481B-B256-141B7C2735F8} = {06F87D63-5E89-481B-B256-141B7C2735F8}
	EndProjectSection
EndProject
Project("{CAA73BB0-EF22-4D79-A57E-DF67B3BA9C80}") = "Sitecore.HabitatHome.Feature.Media.Core", "src\Feature\Media\tds\core\Sitecore.HabitatHome.Feature.Media.Core.scproj", "{9DF2B804-581D-4188-82DC-7DC4E6A6EFB2}"
	ProjectSection(ProjectDependencies) = postProject
		{06F87D63-5E89-481B-B256-141B7C2735F8} = {06F87D63-5E89-481B-B256-141B7C2735F8}
	EndProjectSection
EndProject
Project("{CAA73BB0-EF22-4D79-A57E-DF67B3BA9C80}") = "Build.Website.Core", "src\Build\Build.Website\tds\core\Build.Website.Core.scproj", "{06F87D63-5E89-481B-B256-141B7C2735F8}"
EndProject
Project("{CAA73BB0-EF22-4D79-A57E-DF67B3BA9C80}") = "Sitecore.HabitatHome.Foundation.DependencyInjection.Master", "src\Foundation\DependencyInjection\tds\master\Sitecore.HabitatHome.Foundation.DependencyInjection.Master.scproj", "{48282A82-EC89-4A6F-84F3-163E5E29A5C1}"
	ProjectSection(ProjectDependencies) = postProject
		{C3AAE82F-C744-4F9F-B4C2-9C21AD37AA61} = {C3AAE82F-C744-4F9F-B4C2-9C21AD37AA61}
	EndProjectSection
EndProject
Project("{2150E333-8FDC-42A3-9474-1A3956D46DE8}") = "Team", "Team", "{D86318F8-6E0B-4808-942E-EE70087D5DFE}"
EndProject
Project("{FAE04EC0-301F-11D3-BF4B-00C04F79EFBC}") = "Sitecore.HabitatHome.Feature.Team", "src\Feature\Team\code\Sitecore.HabitatHome.Feature.Team.csproj", "{227CAC9F-D306-4321-A3B4-5C434379C670}"
EndProject
Project("{CAA73BB0-EF22-4D79-A57E-DF67B3BA9C80}") = "Sitecore.HabitatHome.Feature.Team.Master", "src\Feature\Team\tds\master\Sitecore.HabitatHome.Feature.Team.Master.scproj", "{4781F071-054F-4D66-91C6-1638565927E9}"
	ProjectSection(ProjectDependencies) = postProject
		{FDD77C41-E699-470E-916B-E73D20CA1EBC} = {FDD77C41-E699-470E-916B-E73D20CA1EBC}
	EndProjectSection
EndProject
Global
	GlobalSection(SolutionConfigurationPlatforms) = preSolution
		Debug|Any CPU = Debug|Any CPU
		DockerDeploy|Any CPU = DockerDeploy|Any CPU
		Local|Any CPU = Local|Any CPU
		NoDeploy|Any CPU = NoDeploy|Any CPU
		Package-CD|Any CPU = Package-CD|Any CPU
		Package-CM|Any CPU = Package-CM|Any CPU
		Release|Any CPU = Release|Any CPU
	EndGlobalSection
	GlobalSection(ProjectConfigurationPlatforms) = postSolution
		{FA1EEE78-E6D6-4B63-A126-5F470624EFEE}.Debug|Any CPU.ActiveCfg = Debug|Any CPU
		{FA1EEE78-E6D6-4B63-A126-5F470624EFEE}.Debug|Any CPU.Build.0 = Debug|Any CPU
		{FA1EEE78-E6D6-4B63-A126-5F470624EFEE}.DockerDeploy|Any CPU.ActiveCfg = DockerDeploy|Any CPU
		{FA1EEE78-E6D6-4B63-A126-5F470624EFEE}.DockerDeploy|Any CPU.Build.0 = DockerDeploy|Any CPU
		{FA1EEE78-E6D6-4B63-A126-5F470624EFEE}.Local|Any CPU.ActiveCfg = Local|Any CPU
		{FA1EEE78-E6D6-4B63-A126-5F470624EFEE}.Local|Any CPU.Build.0 = Local|Any CPU
		{FA1EEE78-E6D6-4B63-A126-5F470624EFEE}.NoDeploy|Any CPU.ActiveCfg = NoDeploy|Any CPU
		{FA1EEE78-E6D6-4B63-A126-5F470624EFEE}.NoDeploy|Any CPU.Build.0 = NoDeploy|Any CPU
		{FA1EEE78-E6D6-4B63-A126-5F470624EFEE}.Package-CD|Any CPU.ActiveCfg = Package-CD|Any CPU
		{FA1EEE78-E6D6-4B63-A126-5F470624EFEE}.Package-CD|Any CPU.Build.0 = Package-CD|Any CPU
		{FA1EEE78-E6D6-4B63-A126-5F470624EFEE}.Package-CM|Any CPU.ActiveCfg = Package-CM|Any CPU
		{FA1EEE78-E6D6-4B63-A126-5F470624EFEE}.Package-CM|Any CPU.Build.0 = Package-CM|Any CPU
		{FA1EEE78-E6D6-4B63-A126-5F470624EFEE}.Release|Any CPU.ActiveCfg = Release|Any CPU
		{FA1EEE78-E6D6-4B63-A126-5F470624EFEE}.Release|Any CPU.Build.0 = Release|Any CPU
		{0C513600-DB12-4ADC-999C-14277FFDF0C8}.Debug|Any CPU.ActiveCfg = Debug|Any CPU
		{0C513600-DB12-4ADC-999C-14277FFDF0C8}.Debug|Any CPU.Build.0 = Debug|Any CPU
		{0C513600-DB12-4ADC-999C-14277FFDF0C8}.DockerDeploy|Any CPU.ActiveCfg = DockerDeploy|Any CPU
		{0C513600-DB12-4ADC-999C-14277FFDF0C8}.DockerDeploy|Any CPU.Build.0 = DockerDeploy|Any CPU
		{0C513600-DB12-4ADC-999C-14277FFDF0C8}.Local|Any CPU.ActiveCfg = Local|Any CPU
		{0C513600-DB12-4ADC-999C-14277FFDF0C8}.Local|Any CPU.Build.0 = Local|Any CPU
		{0C513600-DB12-4ADC-999C-14277FFDF0C8}.NoDeploy|Any CPU.ActiveCfg = NoDeploy|Any CPU
		{0C513600-DB12-4ADC-999C-14277FFDF0C8}.NoDeploy|Any CPU.Build.0 = NoDeploy|Any CPU
		{0C513600-DB12-4ADC-999C-14277FFDF0C8}.Package-CD|Any CPU.ActiveCfg = Package-CD|Any CPU
		{0C513600-DB12-4ADC-999C-14277FFDF0C8}.Package-CD|Any CPU.Build.0 = Package-CD|Any CPU
		{0C513600-DB12-4ADC-999C-14277FFDF0C8}.Package-CM|Any CPU.ActiveCfg = Package-CM|Any CPU
		{0C513600-DB12-4ADC-999C-14277FFDF0C8}.Package-CM|Any CPU.Build.0 = Package-CM|Any CPU
		{0C513600-DB12-4ADC-999C-14277FFDF0C8}.Release|Any CPU.ActiveCfg = Release|Any CPU
		{0C513600-DB12-4ADC-999C-14277FFDF0C8}.Release|Any CPU.Build.0 = Release|Any CPU
		{A870BED9-A0B7-4E07-A44E-8E16B95D6911}.Debug|Any CPU.ActiveCfg = Debug|Any CPU
		{A870BED9-A0B7-4E07-A44E-8E16B95D6911}.Debug|Any CPU.Build.0 = Debug|Any CPU
		{A870BED9-A0B7-4E07-A44E-8E16B95D6911}.DockerDeploy|Any CPU.ActiveCfg = DockerDeploy|Any CPU
		{A870BED9-A0B7-4E07-A44E-8E16B95D6911}.DockerDeploy|Any CPU.Build.0 = DockerDeploy|Any CPU
		{A870BED9-A0B7-4E07-A44E-8E16B95D6911}.Local|Any CPU.ActiveCfg = Local|Any CPU
		{A870BED9-A0B7-4E07-A44E-8E16B95D6911}.Local|Any CPU.Build.0 = Local|Any CPU
		{A870BED9-A0B7-4E07-A44E-8E16B95D6911}.NoDeploy|Any CPU.ActiveCfg = NoDeploy|Any CPU
		{A870BED9-A0B7-4E07-A44E-8E16B95D6911}.NoDeploy|Any CPU.Build.0 = NoDeploy|Any CPU
		{A870BED9-A0B7-4E07-A44E-8E16B95D6911}.Package-CD|Any CPU.ActiveCfg = Package-CD|Any CPU
		{A870BED9-A0B7-4E07-A44E-8E16B95D6911}.Package-CD|Any CPU.Build.0 = Package-CD|Any CPU
		{A870BED9-A0B7-4E07-A44E-8E16B95D6911}.Package-CM|Any CPU.ActiveCfg = Package-CM|Any CPU
		{A870BED9-A0B7-4E07-A44E-8E16B95D6911}.Package-CM|Any CPU.Build.0 = Package-CM|Any CPU
		{A870BED9-A0B7-4E07-A44E-8E16B95D6911}.Release|Any CPU.ActiveCfg = Release|Any CPU
		{A870BED9-A0B7-4E07-A44E-8E16B95D6911}.Release|Any CPU.Build.0 = Release|Any CPU
		{EDBE2FC4-3D91-4B8F-AD00-990CF1A31118}.Debug|Any CPU.ActiveCfg = Debug|Any CPU
		{EDBE2FC4-3D91-4B8F-AD00-990CF1A31118}.Debug|Any CPU.Build.0 = Debug|Any CPU
		{EDBE2FC4-3D91-4B8F-AD00-990CF1A31118}.DockerDeploy|Any CPU.ActiveCfg = DockerDeploy|Any CPU
		{EDBE2FC4-3D91-4B8F-AD00-990CF1A31118}.DockerDeploy|Any CPU.Build.0 = DockerDeploy|Any CPU
		{EDBE2FC4-3D91-4B8F-AD00-990CF1A31118}.Local|Any CPU.ActiveCfg = Local|Any CPU
		{EDBE2FC4-3D91-4B8F-AD00-990CF1A31118}.Local|Any CPU.Build.0 = Local|Any CPU
		{EDBE2FC4-3D91-4B8F-AD00-990CF1A31118}.NoDeploy|Any CPU.ActiveCfg = NoDeploy|Any CPU
		{EDBE2FC4-3D91-4B8F-AD00-990CF1A31118}.NoDeploy|Any CPU.Build.0 = NoDeploy|Any CPU
		{EDBE2FC4-3D91-4B8F-AD00-990CF1A31118}.Package-CD|Any CPU.ActiveCfg = Package-CD|Any CPU
		{EDBE2FC4-3D91-4B8F-AD00-990CF1A31118}.Package-CD|Any CPU.Build.0 = Package-CD|Any CPU
		{EDBE2FC4-3D91-4B8F-AD00-990CF1A31118}.Package-CM|Any CPU.ActiveCfg = Package-CM|Any CPU
		{EDBE2FC4-3D91-4B8F-AD00-990CF1A31118}.Package-CM|Any CPU.Build.0 = Package-CM|Any CPU
		{EDBE2FC4-3D91-4B8F-AD00-990CF1A31118}.Release|Any CPU.ActiveCfg = Release|Any CPU
		{EDBE2FC4-3D91-4B8F-AD00-990CF1A31118}.Release|Any CPU.Build.0 = Release|Any CPU
		{29F8F45E-DC53-4306-9B91-7BDBF76B6196}.Debug|Any CPU.ActiveCfg = Debug|Any CPU
		{29F8F45E-DC53-4306-9B91-7BDBF76B6196}.Debug|Any CPU.Build.0 = Debug|Any CPU
		{29F8F45E-DC53-4306-9B91-7BDBF76B6196}.DockerDeploy|Any CPU.ActiveCfg = DockerDeploy|Any CPU
		{29F8F45E-DC53-4306-9B91-7BDBF76B6196}.DockerDeploy|Any CPU.Build.0 = DockerDeploy|Any CPU
		{29F8F45E-DC53-4306-9B91-7BDBF76B6196}.Local|Any CPU.ActiveCfg = Local|Any CPU
		{29F8F45E-DC53-4306-9B91-7BDBF76B6196}.Local|Any CPU.Build.0 = Local|Any CPU
		{29F8F45E-DC53-4306-9B91-7BDBF76B6196}.NoDeploy|Any CPU.ActiveCfg = NoDeploy|Any CPU
		{29F8F45E-DC53-4306-9B91-7BDBF76B6196}.NoDeploy|Any CPU.Build.0 = NoDeploy|Any CPU
		{29F8F45E-DC53-4306-9B91-7BDBF76B6196}.Package-CD|Any CPU.ActiveCfg = Package-CD|Any CPU
		{29F8F45E-DC53-4306-9B91-7BDBF76B6196}.Package-CD|Any CPU.Build.0 = Package-CD|Any CPU
		{29F8F45E-DC53-4306-9B91-7BDBF76B6196}.Package-CM|Any CPU.ActiveCfg = Package-CM|Any CPU
		{29F8F45E-DC53-4306-9B91-7BDBF76B6196}.Package-CM|Any CPU.Build.0 = Package-CM|Any CPU
		{29F8F45E-DC53-4306-9B91-7BDBF76B6196}.Release|Any CPU.ActiveCfg = Release|Any CPU
		{29F8F45E-DC53-4306-9B91-7BDBF76B6196}.Release|Any CPU.Build.0 = Release|Any CPU
		{E41965C2-F8B8-44CD-90C5-C91FD0B4DB5F}.Debug|Any CPU.ActiveCfg = Debug|Any CPU
		{E41965C2-F8B8-44CD-90C5-C91FD0B4DB5F}.Debug|Any CPU.Build.0 = Debug|Any CPU
		{E41965C2-F8B8-44CD-90C5-C91FD0B4DB5F}.DockerDeploy|Any CPU.ActiveCfg = DockerDeploy|Any CPU
		{E41965C2-F8B8-44CD-90C5-C91FD0B4DB5F}.DockerDeploy|Any CPU.Build.0 = DockerDeploy|Any CPU
		{E41965C2-F8B8-44CD-90C5-C91FD0B4DB5F}.Local|Any CPU.ActiveCfg = Local|Any CPU
		{E41965C2-F8B8-44CD-90C5-C91FD0B4DB5F}.Local|Any CPU.Build.0 = Local|Any CPU
		{E41965C2-F8B8-44CD-90C5-C91FD0B4DB5F}.NoDeploy|Any CPU.ActiveCfg = NoDeploy|Any CPU
		{E41965C2-F8B8-44CD-90C5-C91FD0B4DB5F}.NoDeploy|Any CPU.Build.0 = NoDeploy|Any CPU
		{E41965C2-F8B8-44CD-90C5-C91FD0B4DB5F}.Package-CD|Any CPU.ActiveCfg = Package-CD|Any CPU
		{E41965C2-F8B8-44CD-90C5-C91FD0B4DB5F}.Package-CD|Any CPU.Build.0 = Package-CD|Any CPU
		{E41965C2-F8B8-44CD-90C5-C91FD0B4DB5F}.Package-CM|Any CPU.ActiveCfg = Package-CM|Any CPU
		{E41965C2-F8B8-44CD-90C5-C91FD0B4DB5F}.Package-CM|Any CPU.Build.0 = Package-CM|Any CPU
		{E41965C2-F8B8-44CD-90C5-C91FD0B4DB5F}.Release|Any CPU.ActiveCfg = Release|Any CPU
		{E41965C2-F8B8-44CD-90C5-C91FD0B4DB5F}.Release|Any CPU.Build.0 = Release|Any CPU
		{E6534E02-D191-4564-BF33-F8BF790C2F9A}.Debug|Any CPU.ActiveCfg = Debug|Any CPU
		{E6534E02-D191-4564-BF33-F8BF790C2F9A}.Debug|Any CPU.Build.0 = Debug|Any CPU
		{E6534E02-D191-4564-BF33-F8BF790C2F9A}.DockerDeploy|Any CPU.ActiveCfg = DockerDeploy|Any CPU
		{E6534E02-D191-4564-BF33-F8BF790C2F9A}.DockerDeploy|Any CPU.Build.0 = DockerDeploy|Any CPU
		{E6534E02-D191-4564-BF33-F8BF790C2F9A}.Local|Any CPU.ActiveCfg = Local|Any CPU
		{E6534E02-D191-4564-BF33-F8BF790C2F9A}.Local|Any CPU.Build.0 = Local|Any CPU
		{E6534E02-D191-4564-BF33-F8BF790C2F9A}.NoDeploy|Any CPU.ActiveCfg = NoDeploy|Any CPU
		{E6534E02-D191-4564-BF33-F8BF790C2F9A}.NoDeploy|Any CPU.Build.0 = NoDeploy|Any CPU
		{E6534E02-D191-4564-BF33-F8BF790C2F9A}.Package-CD|Any CPU.ActiveCfg = Package-CD|Any CPU
		{E6534E02-D191-4564-BF33-F8BF790C2F9A}.Package-CD|Any CPU.Build.0 = Package-CD|Any CPU
		{E6534E02-D191-4564-BF33-F8BF790C2F9A}.Package-CM|Any CPU.ActiveCfg = Package-CM|Any CPU
		{E6534E02-D191-4564-BF33-F8BF790C2F9A}.Package-CM|Any CPU.Build.0 = Package-CM|Any CPU
		{E6534E02-D191-4564-BF33-F8BF790C2F9A}.Release|Any CPU.ActiveCfg = Release|Any CPU
		{E6534E02-D191-4564-BF33-F8BF790C2F9A}.Release|Any CPU.Build.0 = Release|Any CPU
		{323CA7A6-6ABB-4652-ABE2-75DAB139CBC0}.Debug|Any CPU.ActiveCfg = Debug|Any CPU
		{323CA7A6-6ABB-4652-ABE2-75DAB139CBC0}.Debug|Any CPU.Build.0 = Debug|Any CPU
		{323CA7A6-6ABB-4652-ABE2-75DAB139CBC0}.DockerDeploy|Any CPU.ActiveCfg = DockerDeploy|Any CPU
		{323CA7A6-6ABB-4652-ABE2-75DAB139CBC0}.DockerDeploy|Any CPU.Build.0 = DockerDeploy|Any CPU
		{323CA7A6-6ABB-4652-ABE2-75DAB139CBC0}.Local|Any CPU.ActiveCfg = Local|Any CPU
		{323CA7A6-6ABB-4652-ABE2-75DAB139CBC0}.Local|Any CPU.Build.0 = Local|Any CPU
		{323CA7A6-6ABB-4652-ABE2-75DAB139CBC0}.NoDeploy|Any CPU.ActiveCfg = NoDeploy|Any CPU
		{323CA7A6-6ABB-4652-ABE2-75DAB139CBC0}.NoDeploy|Any CPU.Build.0 = NoDeploy|Any CPU
		{323CA7A6-6ABB-4652-ABE2-75DAB139CBC0}.Package-CD|Any CPU.ActiveCfg = Package-CD|Any CPU
		{323CA7A6-6ABB-4652-ABE2-75DAB139CBC0}.Package-CD|Any CPU.Build.0 = Package-CD|Any CPU
		{323CA7A6-6ABB-4652-ABE2-75DAB139CBC0}.Package-CM|Any CPU.ActiveCfg = Package-CM|Any CPU
		{323CA7A6-6ABB-4652-ABE2-75DAB139CBC0}.Package-CM|Any CPU.Build.0 = Package-CM|Any CPU
		{323CA7A6-6ABB-4652-ABE2-75DAB139CBC0}.Release|Any CPU.ActiveCfg = Release|Any CPU
		{323CA7A6-6ABB-4652-ABE2-75DAB139CBC0}.Release|Any CPU.Build.0 = Release|Any CPU
		{FDD77C41-E699-470E-916B-E73D20CA1EBC}.Debug|Any CPU.ActiveCfg = Debug|Any CPU
		{FDD77C41-E699-470E-916B-E73D20CA1EBC}.Debug|Any CPU.Build.0 = Debug|Any CPU
		{FDD77C41-E699-470E-916B-E73D20CA1EBC}.DockerDeploy|Any CPU.ActiveCfg = DockerDeploy|Any CPU
		{FDD77C41-E699-470E-916B-E73D20CA1EBC}.DockerDeploy|Any CPU.Build.0 = DockerDeploy|Any CPU
		{FDD77C41-E699-470E-916B-E73D20CA1EBC}.Local|Any CPU.ActiveCfg = Local|Any CPU
		{FDD77C41-E699-470E-916B-E73D20CA1EBC}.Local|Any CPU.Build.0 = Local|Any CPU
		{FDD77C41-E699-470E-916B-E73D20CA1EBC}.NoDeploy|Any CPU.ActiveCfg = NoDeploy|Any CPU
		{FDD77C41-E699-470E-916B-E73D20CA1EBC}.NoDeploy|Any CPU.Build.0 = NoDeploy|Any CPU
		{FDD77C41-E699-470E-916B-E73D20CA1EBC}.Package-CD|Any CPU.ActiveCfg = Package-CD|Any CPU
		{FDD77C41-E699-470E-916B-E73D20CA1EBC}.Package-CD|Any CPU.Build.0 = Package-CD|Any CPU
		{FDD77C41-E699-470E-916B-E73D20CA1EBC}.Package-CM|Any CPU.ActiveCfg = Package-CM|Any CPU
		{FDD77C41-E699-470E-916B-E73D20CA1EBC}.Package-CM|Any CPU.Build.0 = Package-CM|Any CPU
		{FDD77C41-E699-470E-916B-E73D20CA1EBC}.Release|Any CPU.ActiveCfg = Release|Any CPU
		{FDD77C41-E699-470E-916B-E73D20CA1EBC}.Release|Any CPU.Build.0 = Release|Any CPU
		{C3AAE82F-C744-4F9F-B4C2-9C21AD37AA61}.Debug|Any CPU.ActiveCfg = Debug|Any CPU
		{C3AAE82F-C744-4F9F-B4C2-9C21AD37AA61}.Debug|Any CPU.Build.0 = Debug|Any CPU
		{C3AAE82F-C744-4F9F-B4C2-9C21AD37AA61}.Debug|Any CPU.Deploy.0 = Debug|Any CPU
		{C3AAE82F-C744-4F9F-B4C2-9C21AD37AA61}.DockerDeploy|Any CPU.ActiveCfg = DockerDeploy|Any CPU
		{C3AAE82F-C744-4F9F-B4C2-9C21AD37AA61}.DockerDeploy|Any CPU.Build.0 = DockerDeploy|Any CPU
		{C3AAE82F-C744-4F9F-B4C2-9C21AD37AA61}.DockerDeploy|Any CPU.Deploy.0 = DockerDeploy|Any CPU
		{C3AAE82F-C744-4F9F-B4C2-9C21AD37AA61}.Local|Any CPU.ActiveCfg = Local|Any CPU
		{C3AAE82F-C744-4F9F-B4C2-9C21AD37AA61}.Local|Any CPU.Build.0 = Local|Any CPU
		{C3AAE82F-C744-4F9F-B4C2-9C21AD37AA61}.Local|Any CPU.Deploy.0 = Local|Any CPU
		{C3AAE82F-C744-4F9F-B4C2-9C21AD37AA61}.NoDeploy|Any CPU.ActiveCfg = NoDeploy|Any CPU
		{C3AAE82F-C744-4F9F-B4C2-9C21AD37AA61}.NoDeploy|Any CPU.Build.0 = NoDeploy|Any CPU
		{C3AAE82F-C744-4F9F-B4C2-9C21AD37AA61}.Package-CD|Any CPU.ActiveCfg = Package-CD|Any CPU
		{C3AAE82F-C744-4F9F-B4C2-9C21AD37AA61}.Package-CD|Any CPU.Build.0 = Package-CD|Any CPU
		{C3AAE82F-C744-4F9F-B4C2-9C21AD37AA61}.Package-CD|Any CPU.Deploy.0 = Package-CD|Any CPU
		{C3AAE82F-C744-4F9F-B4C2-9C21AD37AA61}.Package-CM|Any CPU.ActiveCfg = Package-CM|Any CPU
		{C3AAE82F-C744-4F9F-B4C2-9C21AD37AA61}.Package-CM|Any CPU.Build.0 = Package-CM|Any CPU
		{C3AAE82F-C744-4F9F-B4C2-9C21AD37AA61}.Package-CM|Any CPU.Deploy.0 = Package-CM|Any CPU
		{C3AAE82F-C744-4F9F-B4C2-9C21AD37AA61}.Release|Any CPU.ActiveCfg = Release|Any CPU
		{C3AAE82F-C744-4F9F-B4C2-9C21AD37AA61}.Release|Any CPU.Build.0 = Release|Any CPU
		{C3AAE82F-C744-4F9F-B4C2-9C21AD37AA61}.Release|Any CPU.Deploy.0 = Release|Any CPU
		{6B2516D4-5C82-4B1B-A802-86AD89357B7E}.Debug|Any CPU.ActiveCfg = Debug|Any CPU
		{6B2516D4-5C82-4B1B-A802-86AD89357B7E}.Debug|Any CPU.Build.0 = Debug|Any CPU
		{6B2516D4-5C82-4B1B-A802-86AD89357B7E}.Debug|Any CPU.Deploy.0 = Debug|Any CPU
		{6B2516D4-5C82-4B1B-A802-86AD89357B7E}.DockerDeploy|Any CPU.ActiveCfg = DockerDeploy|Any CPU
		{6B2516D4-5C82-4B1B-A802-86AD89357B7E}.DockerDeploy|Any CPU.Build.0 = DockerDeploy|Any CPU
		{6B2516D4-5C82-4B1B-A802-86AD89357B7E}.DockerDeploy|Any CPU.Deploy.0 = DockerDeploy|Any CPU
		{6B2516D4-5C82-4B1B-A802-86AD89357B7E}.Local|Any CPU.ActiveCfg = Local|Any CPU
		{6B2516D4-5C82-4B1B-A802-86AD89357B7E}.Local|Any CPU.Build.0 = Local|Any CPU
		{6B2516D4-5C82-4B1B-A802-86AD89357B7E}.Local|Any CPU.Deploy.0 = Local|Any CPU
		{6B2516D4-5C82-4B1B-A802-86AD89357B7E}.NoDeploy|Any CPU.ActiveCfg = NoDeploy|Any CPU
		{6B2516D4-5C82-4B1B-A802-86AD89357B7E}.NoDeploy|Any CPU.Build.0 = NoDeploy|Any CPU
		{6B2516D4-5C82-4B1B-A802-86AD89357B7E}.Package-CD|Any CPU.ActiveCfg = Package-CD|Any CPU
		{6B2516D4-5C82-4B1B-A802-86AD89357B7E}.Package-CD|Any CPU.Build.0 = Package-CD|Any CPU
		{6B2516D4-5C82-4B1B-A802-86AD89357B7E}.Package-CD|Any CPU.Deploy.0 = Package-CD|Any CPU
		{6B2516D4-5C82-4B1B-A802-86AD89357B7E}.Package-CM|Any CPU.ActiveCfg = Package-CM|Any CPU
		{6B2516D4-5C82-4B1B-A802-86AD89357B7E}.Package-CM|Any CPU.Build.0 = Package-CM|Any CPU
		{6B2516D4-5C82-4B1B-A802-86AD89357B7E}.Package-CM|Any CPU.Deploy.0 = Package-CM|Any CPU
		{6B2516D4-5C82-4B1B-A802-86AD89357B7E}.Release|Any CPU.ActiveCfg = Release|Any CPU
		{6B2516D4-5C82-4B1B-A802-86AD89357B7E}.Release|Any CPU.Build.0 = Release|Any CPU
		{6B2516D4-5C82-4B1B-A802-86AD89357B7E}.Release|Any CPU.Deploy.0 = Release|Any CPU
		{BAADDF30-95A5-4663-885C-9891C80AABBF}.Debug|Any CPU.ActiveCfg = Debug|Any CPU
		{BAADDF30-95A5-4663-885C-9891C80AABBF}.Debug|Any CPU.Build.0 = Debug|Any CPU
		{BAADDF30-95A5-4663-885C-9891C80AABBF}.Debug|Any CPU.Deploy.0 = Debug|Any CPU
		{BAADDF30-95A5-4663-885C-9891C80AABBF}.DockerDeploy|Any CPU.ActiveCfg = DockerDeploy|Any CPU
		{BAADDF30-95A5-4663-885C-9891C80AABBF}.DockerDeploy|Any CPU.Build.0 = DockerDeploy|Any CPU
		{BAADDF30-95A5-4663-885C-9891C80AABBF}.DockerDeploy|Any CPU.Deploy.0 = DockerDeploy|Any CPU
		{BAADDF30-95A5-4663-885C-9891C80AABBF}.Local|Any CPU.ActiveCfg = Local|Any CPU
		{BAADDF30-95A5-4663-885C-9891C80AABBF}.Local|Any CPU.Build.0 = Local|Any CPU
		{BAADDF30-95A5-4663-885C-9891C80AABBF}.Local|Any CPU.Deploy.0 = Local|Any CPU
		{BAADDF30-95A5-4663-885C-9891C80AABBF}.NoDeploy|Any CPU.ActiveCfg = NoDeploy|Any CPU
		{BAADDF30-95A5-4663-885C-9891C80AABBF}.NoDeploy|Any CPU.Build.0 = NoDeploy|Any CPU
		{BAADDF30-95A5-4663-885C-9891C80AABBF}.Package-CD|Any CPU.ActiveCfg = Package-CD|Any CPU
		{BAADDF30-95A5-4663-885C-9891C80AABBF}.Package-CD|Any CPU.Build.0 = Package-CD|Any CPU
		{BAADDF30-95A5-4663-885C-9891C80AABBF}.Package-CD|Any CPU.Deploy.0 = Package-CD|Any CPU
		{BAADDF30-95A5-4663-885C-9891C80AABBF}.Package-CM|Any CPU.ActiveCfg = Package-CM|Any CPU
		{BAADDF30-95A5-4663-885C-9891C80AABBF}.Package-CM|Any CPU.Build.0 = Package-CM|Any CPU
		{BAADDF30-95A5-4663-885C-9891C80AABBF}.Package-CM|Any CPU.Deploy.0 = Package-CM|Any CPU
		{BAADDF30-95A5-4663-885C-9891C80AABBF}.Release|Any CPU.ActiveCfg = Release|Any CPU
		{BAADDF30-95A5-4663-885C-9891C80AABBF}.Release|Any CPU.Build.0 = Release|Any CPU
		{BAADDF30-95A5-4663-885C-9891C80AABBF}.Release|Any CPU.Deploy.0 = Release|Any CPU
		{926F30AD-3994-4715-88DB-649CE14D7522}.Debug|Any CPU.ActiveCfg = Debug|Any CPU
		{926F30AD-3994-4715-88DB-649CE14D7522}.Debug|Any CPU.Build.0 = Debug|Any CPU
		{926F30AD-3994-4715-88DB-649CE14D7522}.Debug|Any CPU.Deploy.0 = Debug|Any CPU
		{926F30AD-3994-4715-88DB-649CE14D7522}.DockerDeploy|Any CPU.ActiveCfg = DockerDeploy|Any CPU
		{926F30AD-3994-4715-88DB-649CE14D7522}.DockerDeploy|Any CPU.Build.0 = DockerDeploy|Any CPU
		{926F30AD-3994-4715-88DB-649CE14D7522}.DockerDeploy|Any CPU.Deploy.0 = DockerDeploy|Any CPU
		{926F30AD-3994-4715-88DB-649CE14D7522}.Local|Any CPU.ActiveCfg = Local|Any CPU
		{926F30AD-3994-4715-88DB-649CE14D7522}.Local|Any CPU.Build.0 = Local|Any CPU
		{926F30AD-3994-4715-88DB-649CE14D7522}.Local|Any CPU.Deploy.0 = Local|Any CPU
		{926F30AD-3994-4715-88DB-649CE14D7522}.NoDeploy|Any CPU.ActiveCfg = NoDeploy|Any CPU
		{926F30AD-3994-4715-88DB-649CE14D7522}.NoDeploy|Any CPU.Build.0 = NoDeploy|Any CPU
		{926F30AD-3994-4715-88DB-649CE14D7522}.Package-CD|Any CPU.ActiveCfg = Package-CD|Any CPU
		{926F30AD-3994-4715-88DB-649CE14D7522}.Package-CD|Any CPU.Build.0 = Package-CD|Any CPU
		{926F30AD-3994-4715-88DB-649CE14D7522}.Package-CD|Any CPU.Deploy.0 = Package-CD|Any CPU
		{926F30AD-3994-4715-88DB-649CE14D7522}.Package-CM|Any CPU.ActiveCfg = Package-CM|Any CPU
		{926F30AD-3994-4715-88DB-649CE14D7522}.Package-CM|Any CPU.Build.0 = Package-CM|Any CPU
		{926F30AD-3994-4715-88DB-649CE14D7522}.Package-CM|Any CPU.Deploy.0 = Package-CM|Any CPU
		{926F30AD-3994-4715-88DB-649CE14D7522}.Release|Any CPU.ActiveCfg = Release|Any CPU
		{926F30AD-3994-4715-88DB-649CE14D7522}.Release|Any CPU.Build.0 = Release|Any CPU
		{926F30AD-3994-4715-88DB-649CE14D7522}.Release|Any CPU.Deploy.0 = Release|Any CPU
		{29FAEEC2-13D1-4955-825A-0F4D3B9A00E9}.Debug|Any CPU.ActiveCfg = Debug|Any CPU
		{29FAEEC2-13D1-4955-825A-0F4D3B9A00E9}.Debug|Any CPU.Build.0 = Debug|Any CPU
		{29FAEEC2-13D1-4955-825A-0F4D3B9A00E9}.Debug|Any CPU.Deploy.0 = Debug|Any CPU
		{29FAEEC2-13D1-4955-825A-0F4D3B9A00E9}.DockerDeploy|Any CPU.ActiveCfg = DockerDeploy|Any CPU
		{29FAEEC2-13D1-4955-825A-0F4D3B9A00E9}.DockerDeploy|Any CPU.Build.0 = DockerDeploy|Any CPU
		{29FAEEC2-13D1-4955-825A-0F4D3B9A00E9}.DockerDeploy|Any CPU.Deploy.0 = DockerDeploy|Any CPU
		{29FAEEC2-13D1-4955-825A-0F4D3B9A00E9}.Local|Any CPU.ActiveCfg = Local|Any CPU
		{29FAEEC2-13D1-4955-825A-0F4D3B9A00E9}.Local|Any CPU.Build.0 = Local|Any CPU
		{29FAEEC2-13D1-4955-825A-0F4D3B9A00E9}.Local|Any CPU.Deploy.0 = Local|Any CPU
		{29FAEEC2-13D1-4955-825A-0F4D3B9A00E9}.NoDeploy|Any CPU.ActiveCfg = NoDeploy|Any CPU
		{29FAEEC2-13D1-4955-825A-0F4D3B9A00E9}.NoDeploy|Any CPU.Build.0 = NoDeploy|Any CPU
		{29FAEEC2-13D1-4955-825A-0F4D3B9A00E9}.Package-CD|Any CPU.ActiveCfg = Package-CD|Any CPU
		{29FAEEC2-13D1-4955-825A-0F4D3B9A00E9}.Package-CD|Any CPU.Build.0 = Package-CD|Any CPU
		{29FAEEC2-13D1-4955-825A-0F4D3B9A00E9}.Package-CD|Any CPU.Deploy.0 = Package-CD|Any CPU
		{29FAEEC2-13D1-4955-825A-0F4D3B9A00E9}.Package-CM|Any CPU.ActiveCfg = Package-CM|Any CPU
		{29FAEEC2-13D1-4955-825A-0F4D3B9A00E9}.Package-CM|Any CPU.Build.0 = Package-CM|Any CPU
		{29FAEEC2-13D1-4955-825A-0F4D3B9A00E9}.Package-CM|Any CPU.Deploy.0 = Package-CM|Any CPU
		{29FAEEC2-13D1-4955-825A-0F4D3B9A00E9}.Release|Any CPU.ActiveCfg = Release|Any CPU
		{29FAEEC2-13D1-4955-825A-0F4D3B9A00E9}.Release|Any CPU.Build.0 = Release|Any CPU
		{29FAEEC2-13D1-4955-825A-0F4D3B9A00E9}.Release|Any CPU.Deploy.0 = Release|Any CPU
		{DB5F92B3-9F8B-4489-B929-08ECC4F271B2}.Debug|Any CPU.ActiveCfg = Debug|Any CPU
		{DB5F92B3-9F8B-4489-B929-08ECC4F271B2}.Debug|Any CPU.Build.0 = Debug|Any CPU
		{DB5F92B3-9F8B-4489-B929-08ECC4F271B2}.Debug|Any CPU.Deploy.0 = Debug|Any CPU
		{DB5F92B3-9F8B-4489-B929-08ECC4F271B2}.DockerDeploy|Any CPU.ActiveCfg = DockerDeploy|Any CPU
		{DB5F92B3-9F8B-4489-B929-08ECC4F271B2}.DockerDeploy|Any CPU.Build.0 = DockerDeploy|Any CPU
		{DB5F92B3-9F8B-4489-B929-08ECC4F271B2}.DockerDeploy|Any CPU.Deploy.0 = DockerDeploy|Any CPU
		{DB5F92B3-9F8B-4489-B929-08ECC4F271B2}.Local|Any CPU.ActiveCfg = Local|Any CPU
		{DB5F92B3-9F8B-4489-B929-08ECC4F271B2}.Local|Any CPU.Build.0 = Local|Any CPU
		{DB5F92B3-9F8B-4489-B929-08ECC4F271B2}.Local|Any CPU.Deploy.0 = Local|Any CPU
		{DB5F92B3-9F8B-4489-B929-08ECC4F271B2}.NoDeploy|Any CPU.ActiveCfg = NoDeploy|Any CPU
		{DB5F92B3-9F8B-4489-B929-08ECC4F271B2}.NoDeploy|Any CPU.Build.0 = NoDeploy|Any CPU
		{DB5F92B3-9F8B-4489-B929-08ECC4F271B2}.Package-CD|Any CPU.ActiveCfg = Package-CD|Any CPU
		{DB5F92B3-9F8B-4489-B929-08ECC4F271B2}.Package-CD|Any CPU.Build.0 = Package-CD|Any CPU
		{DB5F92B3-9F8B-4489-B929-08ECC4F271B2}.Package-CD|Any CPU.Deploy.0 = Package-CD|Any CPU
		{DB5F92B3-9F8B-4489-B929-08ECC4F271B2}.Package-CM|Any CPU.ActiveCfg = Package-CM|Any CPU
		{DB5F92B3-9F8B-4489-B929-08ECC4F271B2}.Package-CM|Any CPU.Build.0 = Package-CM|Any CPU
		{DB5F92B3-9F8B-4489-B929-08ECC4F271B2}.Package-CM|Any CPU.Deploy.0 = Package-CM|Any CPU
		{DB5F92B3-9F8B-4489-B929-08ECC4F271B2}.Release|Any CPU.ActiveCfg = Release|Any CPU
		{DB5F92B3-9F8B-4489-B929-08ECC4F271B2}.Release|Any CPU.Build.0 = Release|Any CPU
		{DB5F92B3-9F8B-4489-B929-08ECC4F271B2}.Release|Any CPU.Deploy.0 = Release|Any CPU
		{E1EB0805-1F2E-472E-9B88-B1184AEE8BF4}.Debug|Any CPU.ActiveCfg = Debug|Any CPU
		{E1EB0805-1F2E-472E-9B88-B1184AEE8BF4}.Debug|Any CPU.Build.0 = Debug|Any CPU
		{E1EB0805-1F2E-472E-9B88-B1184AEE8BF4}.Debug|Any CPU.Deploy.0 = Debug|Any CPU
		{E1EB0805-1F2E-472E-9B88-B1184AEE8BF4}.DockerDeploy|Any CPU.ActiveCfg = DockerDeploy|Any CPU
		{E1EB0805-1F2E-472E-9B88-B1184AEE8BF4}.DockerDeploy|Any CPU.Build.0 = DockerDeploy|Any CPU
		{E1EB0805-1F2E-472E-9B88-B1184AEE8BF4}.DockerDeploy|Any CPU.Deploy.0 = DockerDeploy|Any CPU
		{E1EB0805-1F2E-472E-9B88-B1184AEE8BF4}.Local|Any CPU.ActiveCfg = Local|Any CPU
		{E1EB0805-1F2E-472E-9B88-B1184AEE8BF4}.Local|Any CPU.Build.0 = Local|Any CPU
		{E1EB0805-1F2E-472E-9B88-B1184AEE8BF4}.Local|Any CPU.Deploy.0 = Local|Any CPU
		{E1EB0805-1F2E-472E-9B88-B1184AEE8BF4}.NoDeploy|Any CPU.ActiveCfg = NoDeploy|Any CPU
		{E1EB0805-1F2E-472E-9B88-B1184AEE8BF4}.NoDeploy|Any CPU.Build.0 = NoDeploy|Any CPU
		{E1EB0805-1F2E-472E-9B88-B1184AEE8BF4}.Package-CD|Any CPU.ActiveCfg = Package-CD|Any CPU
		{E1EB0805-1F2E-472E-9B88-B1184AEE8BF4}.Package-CD|Any CPU.Build.0 = Package-CD|Any CPU
		{E1EB0805-1F2E-472E-9B88-B1184AEE8BF4}.Package-CD|Any CPU.Deploy.0 = Package-CD|Any CPU
		{E1EB0805-1F2E-472E-9B88-B1184AEE8BF4}.Package-CM|Any CPU.ActiveCfg = Package-CM|Any CPU
		{E1EB0805-1F2E-472E-9B88-B1184AEE8BF4}.Package-CM|Any CPU.Build.0 = Package-CM|Any CPU
		{E1EB0805-1F2E-472E-9B88-B1184AEE8BF4}.Package-CM|Any CPU.Deploy.0 = Package-CM|Any CPU
		{E1EB0805-1F2E-472E-9B88-B1184AEE8BF4}.Release|Any CPU.ActiveCfg = Release|Any CPU
		{E1EB0805-1F2E-472E-9B88-B1184AEE8BF4}.Release|Any CPU.Build.0 = Release|Any CPU
		{E1EB0805-1F2E-472E-9B88-B1184AEE8BF4}.Release|Any CPU.Deploy.0 = Release|Any CPU
		{3B9399AF-DCD9-4959-A679-9D9F08E85E93}.Debug|Any CPU.ActiveCfg = Debug|Any CPU
		{3B9399AF-DCD9-4959-A679-9D9F08E85E93}.Debug|Any CPU.Build.0 = Debug|Any CPU
		{3B9399AF-DCD9-4959-A679-9D9F08E85E93}.Debug|Any CPU.Deploy.0 = Debug|Any CPU
		{3B9399AF-DCD9-4959-A679-9D9F08E85E93}.DockerDeploy|Any CPU.ActiveCfg = DockerDeploy|Any CPU
		{3B9399AF-DCD9-4959-A679-9D9F08E85E93}.DockerDeploy|Any CPU.Build.0 = DockerDeploy|Any CPU
		{3B9399AF-DCD9-4959-A679-9D9F08E85E93}.DockerDeploy|Any CPU.Deploy.0 = DockerDeploy|Any CPU
		{3B9399AF-DCD9-4959-A679-9D9F08E85E93}.Local|Any CPU.ActiveCfg = Local|Any CPU
		{3B9399AF-DCD9-4959-A679-9D9F08E85E93}.Local|Any CPU.Build.0 = Local|Any CPU
		{3B9399AF-DCD9-4959-A679-9D9F08E85E93}.Local|Any CPU.Deploy.0 = Local|Any CPU
		{3B9399AF-DCD9-4959-A679-9D9F08E85E93}.NoDeploy|Any CPU.ActiveCfg = NoDeploy|Any CPU
		{3B9399AF-DCD9-4959-A679-9D9F08E85E93}.NoDeploy|Any CPU.Build.0 = NoDeploy|Any CPU
		{3B9399AF-DCD9-4959-A679-9D9F08E85E93}.Package-CD|Any CPU.ActiveCfg = Package-CD|Any CPU
		{3B9399AF-DCD9-4959-A679-9D9F08E85E93}.Package-CD|Any CPU.Build.0 = Package-CD|Any CPU
		{3B9399AF-DCD9-4959-A679-9D9F08E85E93}.Package-CD|Any CPU.Deploy.0 = Package-CD|Any CPU
		{3B9399AF-DCD9-4959-A679-9D9F08E85E93}.Package-CM|Any CPU.ActiveCfg = Package-CM|Any CPU
		{3B9399AF-DCD9-4959-A679-9D9F08E85E93}.Package-CM|Any CPU.Build.0 = Package-CM|Any CPU
		{3B9399AF-DCD9-4959-A679-9D9F08E85E93}.Package-CM|Any CPU.Deploy.0 = Package-CM|Any CPU
		{3B9399AF-DCD9-4959-A679-9D9F08E85E93}.Release|Any CPU.ActiveCfg = Release|Any CPU
		{3B9399AF-DCD9-4959-A679-9D9F08E85E93}.Release|Any CPU.Build.0 = Release|Any CPU
		{3B9399AF-DCD9-4959-A679-9D9F08E85E93}.Release|Any CPU.Deploy.0 = Release|Any CPU
		{9DF2B804-581D-4188-82DC-7DC4E6A6EFB2}.Debug|Any CPU.ActiveCfg = Debug|Any CPU
		{9DF2B804-581D-4188-82DC-7DC4E6A6EFB2}.Debug|Any CPU.Build.0 = Debug|Any CPU
		{9DF2B804-581D-4188-82DC-7DC4E6A6EFB2}.Debug|Any CPU.Deploy.0 = Debug|Any CPU
		{9DF2B804-581D-4188-82DC-7DC4E6A6EFB2}.DockerDeploy|Any CPU.ActiveCfg = DockerDeploy|Any CPU
		{9DF2B804-581D-4188-82DC-7DC4E6A6EFB2}.DockerDeploy|Any CPU.Build.0 = DockerDeploy|Any CPU
		{9DF2B804-581D-4188-82DC-7DC4E6A6EFB2}.DockerDeploy|Any CPU.Deploy.0 = DockerDeploy|Any CPU
		{9DF2B804-581D-4188-82DC-7DC4E6A6EFB2}.Local|Any CPU.ActiveCfg = Local|Any CPU
		{9DF2B804-581D-4188-82DC-7DC4E6A6EFB2}.Local|Any CPU.Build.0 = Local|Any CPU
		{9DF2B804-581D-4188-82DC-7DC4E6A6EFB2}.Local|Any CPU.Deploy.0 = Local|Any CPU
		{9DF2B804-581D-4188-82DC-7DC4E6A6EFB2}.NoDeploy|Any CPU.ActiveCfg = NoDeploy|Any CPU
		{9DF2B804-581D-4188-82DC-7DC4E6A6EFB2}.NoDeploy|Any CPU.Build.0 = NoDeploy|Any CPU
		{9DF2B804-581D-4188-82DC-7DC4E6A6EFB2}.Package-CD|Any CPU.ActiveCfg = Package-CD|Any CPU
		{9DF2B804-581D-4188-82DC-7DC4E6A6EFB2}.Package-CD|Any CPU.Build.0 = Package-CD|Any CPU
		{9DF2B804-581D-4188-82DC-7DC4E6A6EFB2}.Package-CD|Any CPU.Deploy.0 = Package-CD|Any CPU
		{9DF2B804-581D-4188-82DC-7DC4E6A6EFB2}.Package-CM|Any CPU.ActiveCfg = Package-CM|Any CPU
		{9DF2B804-581D-4188-82DC-7DC4E6A6EFB2}.Package-CM|Any CPU.Build.0 = Package-CM|Any CPU
		{9DF2B804-581D-4188-82DC-7DC4E6A6EFB2}.Package-CM|Any CPU.Deploy.0 = Package-CM|Any CPU
		{9DF2B804-581D-4188-82DC-7DC4E6A6EFB2}.Release|Any CPU.ActiveCfg = Release|Any CPU
		{9DF2B804-581D-4188-82DC-7DC4E6A6EFB2}.Release|Any CPU.Build.0 = Release|Any CPU
		{9DF2B804-581D-4188-82DC-7DC4E6A6EFB2}.Release|Any CPU.Deploy.0 = Release|Any CPU
		{06F87D63-5E89-481B-B256-141B7C2735F8}.Debug|Any CPU.ActiveCfg = Debug|Any CPU
		{06F87D63-5E89-481B-B256-141B7C2735F8}.Debug|Any CPU.Build.0 = Debug|Any CPU
		{06F87D63-5E89-481B-B256-141B7C2735F8}.Debug|Any CPU.Deploy.0 = Debug|Any CPU
		{06F87D63-5E89-481B-B256-141B7C2735F8}.DockerDeploy|Any CPU.ActiveCfg = DockerDeploy|Any CPU
		{06F87D63-5E89-481B-B256-141B7C2735F8}.DockerDeploy|Any CPU.Build.0 = DockerDeploy|Any CPU
		{06F87D63-5E89-481B-B256-141B7C2735F8}.DockerDeploy|Any CPU.Deploy.0 = DockerDeploy|Any CPU
		{06F87D63-5E89-481B-B256-141B7C2735F8}.Local|Any CPU.ActiveCfg = Local|Any CPU
		{06F87D63-5E89-481B-B256-141B7C2735F8}.Local|Any CPU.Build.0 = Local|Any CPU
		{06F87D63-5E89-481B-B256-141B7C2735F8}.Local|Any CPU.Deploy.0 = Local|Any CPU
		{06F87D63-5E89-481B-B256-141B7C2735F8}.NoDeploy|Any CPU.ActiveCfg = NoDeploy|Any CPU
		{06F87D63-5E89-481B-B256-141B7C2735F8}.NoDeploy|Any CPU.Build.0 = NoDeploy|Any CPU
		{06F87D63-5E89-481B-B256-141B7C2735F8}.Package-CD|Any CPU.ActiveCfg = Package-CD|Any CPU
		{06F87D63-5E89-481B-B256-141B7C2735F8}.Package-CD|Any CPU.Build.0 = Package-CD|Any CPU
		{06F87D63-5E89-481B-B256-141B7C2735F8}.Package-CD|Any CPU.Deploy.0 = Package-CD|Any CPU
		{06F87D63-5E89-481B-B256-141B7C2735F8}.Package-CM|Any CPU.ActiveCfg = Package-CM|Any CPU
		{06F87D63-5E89-481B-B256-141B7C2735F8}.Package-CM|Any CPU.Build.0 = Package-CM|Any CPU
		{06F87D63-5E89-481B-B256-141B7C2735F8}.Package-CM|Any CPU.Deploy.0 = Package-CM|Any CPU
		{06F87D63-5E89-481B-B256-141B7C2735F8}.Release|Any CPU.ActiveCfg = Release|Any CPU
		{06F87D63-5E89-481B-B256-141B7C2735F8}.Release|Any CPU.Build.0 = Release|Any CPU
		{06F87D63-5E89-481B-B256-141B7C2735F8}.Release|Any CPU.Deploy.0 = Release|Any CPU
		{48282A82-EC89-4A6F-84F3-163E5E29A5C1}.Debug|Any CPU.ActiveCfg = Debug|Any CPU
		{48282A82-EC89-4A6F-84F3-163E5E29A5C1}.Debug|Any CPU.Build.0 = Debug|Any CPU
		{48282A82-EC89-4A6F-84F3-163E5E29A5C1}.Debug|Any CPU.Deploy.0 = Debug|Any CPU
		{48282A82-EC89-4A6F-84F3-163E5E29A5C1}.DockerDeploy|Any CPU.ActiveCfg = DockerDeploy|Any CPU
		{48282A82-EC89-4A6F-84F3-163E5E29A5C1}.DockerDeploy|Any CPU.Build.0 = DockerDeploy|Any CPU
		{48282A82-EC89-4A6F-84F3-163E5E29A5C1}.DockerDeploy|Any CPU.Deploy.0 = DockerDeploy|Any CPU
		{48282A82-EC89-4A6F-84F3-163E5E29A5C1}.Local|Any CPU.ActiveCfg = Local|Any CPU
		{48282A82-EC89-4A6F-84F3-163E5E29A5C1}.Local|Any CPU.Build.0 = Local|Any CPU
		{48282A82-EC89-4A6F-84F3-163E5E29A5C1}.Local|Any CPU.Deploy.0 = Local|Any CPU
		{48282A82-EC89-4A6F-84F3-163E5E29A5C1}.NoDeploy|Any CPU.ActiveCfg = NoDeploy|Any CPU
		{48282A82-EC89-4A6F-84F3-163E5E29A5C1}.NoDeploy|Any CPU.Build.0 = NoDeploy|Any CPU
		{48282A82-EC89-4A6F-84F3-163E5E29A5C1}.Package-CD|Any CPU.ActiveCfg = Package-CD|Any CPU
		{48282A82-EC89-4A6F-84F3-163E5E29A5C1}.Package-CD|Any CPU.Build.0 = Package-CD|Any CPU
		{48282A82-EC89-4A6F-84F3-163E5E29A5C1}.Package-CD|Any CPU.Deploy.0 = Package-CD|Any CPU
		{48282A82-EC89-4A6F-84F3-163E5E29A5C1}.Package-CM|Any CPU.ActiveCfg = Package-CM|Any CPU
		{48282A82-EC89-4A6F-84F3-163E5E29A5C1}.Package-CM|Any CPU.Build.0 = Package-CM|Any CPU
		{48282A82-EC89-4A6F-84F3-163E5E29A5C1}.Package-CM|Any CPU.Deploy.0 = Package-CM|Any CPU
		{48282A82-EC89-4A6F-84F3-163E5E29A5C1}.Release|Any CPU.ActiveCfg = Release|Any CPU
		{48282A82-EC89-4A6F-84F3-163E5E29A5C1}.Release|Any CPU.Build.0 = Release|Any CPU
		{48282A82-EC89-4A6F-84F3-163E5E29A5C1}.Release|Any CPU.Deploy.0 = Release|Any CPU
		{227CAC9F-D306-4321-A3B4-5C434379C670}.Debug|Any CPU.ActiveCfg = Debug|Any CPU
		{227CAC9F-D306-4321-A3B4-5C434379C670}.Debug|Any CPU.Build.0 = Debug|Any CPU
		{227CAC9F-D306-4321-A3B4-5C434379C670}.DockerDeploy|Any CPU.ActiveCfg = DockerDeploy|Any CPU
		{227CAC9F-D306-4321-A3B4-5C434379C670}.DockerDeploy|Any CPU.Build.0 = DockerDeploy|Any CPU
		{227CAC9F-D306-4321-A3B4-5C434379C670}.Local|Any CPU.ActiveCfg = Local|Any CPU
		{227CAC9F-D306-4321-A3B4-5C434379C670}.Local|Any CPU.Build.0 = Local|Any CPU
		{227CAC9F-D306-4321-A3B4-5C434379C670}.NoDeploy|Any CPU.ActiveCfg = NoDeploy|Any CPU
		{227CAC9F-D306-4321-A3B4-5C434379C670}.NoDeploy|Any CPU.Build.0 = NoDeploy|Any CPU
		{227CAC9F-D306-4321-A3B4-5C434379C670}.Package-CD|Any CPU.ActiveCfg = Package-CD|Any CPU
		{227CAC9F-D306-4321-A3B4-5C434379C670}.Package-CD|Any CPU.Build.0 = Package-CD|Any CPU
		{227CAC9F-D306-4321-A3B4-5C434379C670}.Package-CM|Any CPU.ActiveCfg = Package-CM|Any CPU
		{227CAC9F-D306-4321-A3B4-5C434379C670}.Package-CM|Any CPU.Build.0 = Package-CM|Any CPU
		{227CAC9F-D306-4321-A3B4-5C434379C670}.Release|Any CPU.ActiveCfg = Release|Any CPU
		{227CAC9F-D306-4321-A3B4-5C434379C670}.Release|Any CPU.Build.0 = Release|Any CPU
		{4781F071-054F-4D66-91C6-1638565927E9}.Debug|Any CPU.ActiveCfg = Debug|Any CPU
		{4781F071-054F-4D66-91C6-1638565927E9}.Debug|Any CPU.Build.0 = Debug|Any CPU
		{4781F071-054F-4D66-91C6-1638565927E9}.Debug|Any CPU.Deploy.0 = Debug|Any CPU
		{4781F071-054F-4D66-91C6-1638565927E9}.DockerDeploy|Any CPU.ActiveCfg = DockerDeploy|Any CPU
		{4781F071-054F-4D66-91C6-1638565927E9}.DockerDeploy|Any CPU.Build.0 = DockerDeploy|Any CPU
		{4781F071-054F-4D66-91C6-1638565927E9}.DockerDeploy|Any CPU.Deploy.0 = DockerDeploy|Any CPU
		{4781F071-054F-4D66-91C6-1638565927E9}.Local|Any CPU.ActiveCfg = Local|Any CPU
		{4781F071-054F-4D66-91C6-1638565927E9}.Local|Any CPU.Build.0 = Local|Any CPU
		{4781F071-054F-4D66-91C6-1638565927E9}.Local|Any CPU.Deploy.0 = Local|Any CPU
		{4781F071-054F-4D66-91C6-1638565927E9}.NoDeploy|Any CPU.ActiveCfg = NoDeploy|Any CPU
		{4781F071-054F-4D66-91C6-1638565927E9}.NoDeploy|Any CPU.Build.0 = NoDeploy|Any CPU
		{4781F071-054F-4D66-91C6-1638565927E9}.Package-CD|Any CPU.ActiveCfg = Package-CD|Any CPU
		{4781F071-054F-4D66-91C6-1638565927E9}.Package-CD|Any CPU.Build.0 = Package-CD|Any CPU
		{4781F071-054F-4D66-91C6-1638565927E9}.Package-CD|Any CPU.Deploy.0 = Package-CD|Any CPU
		{4781F071-054F-4D66-91C6-1638565927E9}.Package-CM|Any CPU.ActiveCfg = Package-CM|Any CPU
		{4781F071-054F-4D66-91C6-1638565927E9}.Package-CM|Any CPU.Build.0 = Package-CM|Any CPU
		{4781F071-054F-4D66-91C6-1638565927E9}.Package-CM|Any CPU.Deploy.0 = Package-CM|Any CPU
		{4781F071-054F-4D66-91C6-1638565927E9}.Release|Any CPU.ActiveCfg = Release|Any CPU
		{4781F071-054F-4D66-91C6-1638565927E9}.Release|Any CPU.Build.0 = Release|Any CPU
		{4781F071-054F-4D66-91C6-1638565927E9}.Release|Any CPU.Deploy.0 = Release|Any CPU
	EndGlobalSection
	GlobalSection(SolutionProperties) = preSolution
		HideSolutionNode = FALSE
	EndGlobalSection
	GlobalSection(NestedProjects) = preSolution
		{D947FE0F-297B-40B3-B20A-6EC9E0C7AA20} = {78EA0067-9C56-4E62-B428-A84F35EDB7BF}
		{FA1EEE78-E6D6-4B63-A126-5F470624EFEE} = {D947FE0F-297B-40B3-B20A-6EC9E0C7AA20}
		{BE63361D-A629-48C2-9D0E-9DE1B9733C2B} = {9846C4BE-2108-479E-AA17-4A96052CCCE0}
		{0C513600-DB12-4ADC-999C-14277FFDF0C8} = {BE63361D-A629-48C2-9D0E-9DE1B9733C2B}
		{8D70A344-BC6E-4BF9-9906-13C4EAEA3535} = {9846C4BE-2108-479E-AA17-4A96052CCCE0}
		{1C753343-4705-493B-9654-2E643373663E} = {37394D96-A276-41B7-BFC0-E0897AFE4690}
		{A870BED9-A0B7-4E07-A44E-8E16B95D6911} = {1C753343-4705-493B-9654-2E643373663E}
		{EDBE2FC4-3D91-4B8F-AD00-990CF1A31118} = {8D70A344-BC6E-4BF9-9906-13C4EAEA3535}
		{2DFB0D0B-FAC0-4E02-8B07-283BDF9FC083} = {37394D96-A276-41B7-BFC0-E0897AFE4690}
		{29F8F45E-DC53-4306-9B91-7BDBF76B6196} = {2DFB0D0B-FAC0-4E02-8B07-283BDF9FC083}
		{CD7167F4-2785-49AA-A5D5-BBECA0DAB912} = {37394D96-A276-41B7-BFC0-E0897AFE4690}
		{E41965C2-F8B8-44CD-90C5-C91FD0B4DB5F} = {CD7167F4-2785-49AA-A5D5-BBECA0DAB912}
		{3681DC6D-A479-4104-8DEF-137FAAB43366} = {37394D96-A276-41B7-BFC0-E0897AFE4690}
		{E6534E02-D191-4564-BF33-F8BF790C2F9A} = {3681DC6D-A479-4104-8DEF-137FAAB43366}
		{8931F757-732F-42D7-A904-208F8BC767F9} = {78EA0067-9C56-4E62-B428-A84F35EDB7BF}
		{323CA7A6-6ABB-4652-ABE2-75DAB139CBC0} = {8931F757-732F-42D7-A904-208F8BC767F9}
		{FDD77C41-E699-470E-916B-E73D20CA1EBC} = {6B560855-057E-4756-9F21-C73214CA555B}
		{C3AAE82F-C744-4F9F-B4C2-9C21AD37AA61} = {6B560855-057E-4756-9F21-C73214CA555B}
		{6B2516D4-5C82-4B1B-A802-86AD89357B7E} = {1C753343-4705-493B-9654-2E643373663E}
		{BAADDF30-95A5-4663-885C-9891C80AABBF} = {2DFB0D0B-FAC0-4E02-8B07-283BDF9FC083}
		{926F30AD-3994-4715-88DB-649CE14D7522} = {CD7167F4-2785-49AA-A5D5-BBECA0DAB912}
		{29FAEEC2-13D1-4955-825A-0F4D3B9A00E9} = {3681DC6D-A479-4104-8DEF-137FAAB43366}
		{DB5F92B3-9F8B-4489-B929-08ECC4F271B2} = {8931F757-732F-42D7-A904-208F8BC767F9}
		{E1EB0805-1F2E-472E-9B88-B1184AEE8BF4} = {8D70A344-BC6E-4BF9-9906-13C4EAEA3535}
		{3B9399AF-DCD9-4959-A679-9D9F08E85E93} = {1C753343-4705-493B-9654-2E643373663E}
		{9DF2B804-581D-4188-82DC-7DC4E6A6EFB2} = {2DFB0D0B-FAC0-4E02-8B07-283BDF9FC083}
		{06F87D63-5E89-481B-B256-141B7C2735F8} = {6B560855-057E-4756-9F21-C73214CA555B}
		{48282A82-EC89-4A6F-84F3-163E5E29A5C1} = {D947FE0F-297B-40B3-B20A-6EC9E0C7AA20}
		{D86318F8-6E0B-4808-942E-EE70087D5DFE} = {37394D96-A276-41B7-BFC0-E0897AFE4690}
		{227CAC9F-D306-4321-A3B4-5C434379C670} = {D86318F8-6E0B-4808-942E-EE70087D5DFE}
		{4781F071-054F-4D66-91C6-1638565927E9} = {D86318F8-6E0B-4808-942E-EE70087D5DFE}
	EndGlobalSection
	GlobalSection(ExtensibilityGlobals) = postSolution
		SolutionGuid = {25D35D77-3A23-45B8-BF1A-F9EB5B3B318F}
		EnterpriseLibraryConfigurationToolBinariesPathV6 = packages\EnterpriseLibrary.Common.6.0.1304.0\lib\NET45;packages\EnterpriseLibrary.TransientFaultHandling.6.0.1304.0\lib\portable-net45+win+wp8;packages\EnterpriseLibrary.TransientFaultHandling.Caching.6.0.1304.0\lib\NET45;packages\EnterpriseLibrary.TransientFaultHandling.Data.6.0.1304.1\lib\NET45;packages\EnterpriseLibrary.TransientFaultHandling.ServiceBus.6.0.1304.0\lib\NET45;packages\EnterpriseLibrary.TransientFaultHandling.WindowsAzure.Storage.6.0.1304.0\lib\NET45;packages\EnterpriseLibrary.TransientFaultHandling.Configuration.6.0.1304.0\lib\NET45
	EndGlobalSection
EndGlobal
